
Microsoft Visual Studio Solution File, Format Version 11.00
# Visual Studio 2010
Project("{FAE04EC0-301F-11D3-BF4B-00C04F79EFBC}") = "eQMSMessage_FormApp", "eQMSMessage_FormApp\eQMSMessage_FormApp.csproj", "{942B53B6-9302-485F-BBC1-D18CF4F09998}"
EndProject
Project("{54435603-DBB4-11D2-8724-00A0C9A8B90C}") = "samsungSMS", "samsungSMS\samsungSMS.vdproj", "{E2659FF8-85C0-4CE3-B341-011F9F5692DE}"
EndProject
Global
	GlobalSection(SolutionConfigurationPlatforms) = preSolution
		Debug|x86 = Debug|x86
		Release|x86 = Release|x86
	EndGlobalSection
	GlobalSection(ProjectConfigurationPlatforms) = postSolution
		{942B53B6-9302-485F-BBC1-D18CF4F09998}.Debug|x86.ActiveCfg = Debug|x86
		{942B53B6-9302-485F-BBC1-D18CF4F09998}.Debug|x86.Build.0 = Debug|x86
		{942B53B6-9302-485F-BBC1-D18CF4F09998}.Release|x86.ActiveCfg = Release|x86
		{942B53B6-9302-485F-BBC1-D18CF4F09998}.Release|x86.Build.0 = Release|x86
		{E2659FF8-85C0-4CE3-B341-011F9F5692DE}.Debug|x86.ActiveCfg = Debug
		{E2659FF8-85C0-4CE3-B341-011F9F5692DE}.Release|x86.ActiveCfg = Release
	EndGlobalSection
	GlobalSection(SolutionProperties) = preSolution
		HideSolutionNode = FALSE
	EndGlobalSection
EndGlobal
